
Microsoft Visual Studio Solution File, Format Version 12.00
# Visual Studio Version 17
VisualStudioVersion = 17.9.34723.18
MinimumVisualStudioVersion = 10.0.40219.1
Project("{FAE04EC0-301F-11D3-BF4B-00C04F79EFBC}") = "Dependency-Injections💉", "Dependency-Injections💉\Dependency-Injections💉.csproj", "{105D9442-5D1D-4E4A-A126-3209C2D8E158}"
EndProject
Global
	GlobalSection(SolutionConfigurationPlatforms) = preSolution
		Debug|Any CPU = Debug|Any CPU
		Release|Any CPU = Release|Any CPU
	EndGlobalSection
	GlobalSection(ProjectConfigurationPlatforms) = postSolution
		{105D9442-5D1D-4E4A-A126-3209C2D8E158}.Debug|Any CPU.ActiveCfg = Debug|Any CPU
		{105D9442-5D1D-4E4A-A126-3209C2D8E158}.Debug|Any CPU.Build.0 = Debug|Any CPU
		{105D9442-5D1D-4E4A-A126-3209C2D8E158}.Release|Any CPU.ActiveCfg = Release|Any CPU
		{105D9442-5D1D-4E4A-A126-3209C2D8E158}.Release|Any CPU.Build.0 = Release|Any CPU
	EndGlobalSection
	GlobalSection(SolutionProperties) = preSolution
		HideSolutionNode = FALSE
	EndGlobalSection
	GlobalSection(ExtensibilityGlobals) = postSolution
		SolutionGuid = {ED2999DF-E427-488C-BD1A-2488CEF62429}
	EndGlobalSection
EndGlobal
